
Microsoft Visual Studio Solution File, Format Version 12.00
Project("{FAE04EC0-301F-11D3-BF4B-00C04F79EFBC}") = "DKZKV.BookStore.Domain", "DKZKV.BookStore.Domain\DKZKV.BookStore.Domain.csproj", "{C3ECF443-E9FC-43B7-BD96-39D98A72C060}"
EndProject
Project("{FAE04EC0-301F-11D3-BF4B-00C04F79EFBC}") = "DKZKV.BookStore.Persistence", "DKZKV.BookStore.Persistence\DKZKV.BookStore.Persistence.csproj", "{A74D84FA-B54C-400F-B6A1-8BE097C3D4B5}"
EndProject
Project("{2150E333-8FDC-42A3-9474-1A3956D46DE8}") = "Common", "Common", "{E1F6A169-CA83-48AA-9C42-9E1C342C2C92}"
EndProject
Project("{FAE04EC0-301F-11D3-BF4B-00C04F79EFBC}") = "DKZKV.MandatoryOptions", "DKZKV.MandatoryOptions\DKZKV.MandatoryOptions.csproj", "{658CA8A4-4471-41DE-B33A-7F51D0FC1C88}"
EndProject
Project("{FAE04EC0-301F-11D3-BF4B-00C04F79EFBC}") = "DKZKV.BookStore.Api", "DKZKV.BookStore.Api\DKZKV.BookStore.Api.csproj", "{D9F4DD60-6795-4BEB-8F40-5BB428F4EFAA}"
EndProject
Project("{FAE04EC0-301F-11D3-BF4B-00C04F79EFBC}") = "DKZKV.Common", "DKZKV.Common\DKZKV.Common.csproj", "{E5D7913B-6537-46F8-8DD5-34F0359CDA30}"
EndProject
Project("{FAE04EC0-301F-11D3-BF4B-00C04F79EFBC}") = "DKZKV.BookStore.Application.Commands", "DKZKV.BookStore.Application.Commands\DKZKV.BookStore.Application.Commands.csproj", "{2E372FEB-1721-4099-AFE7-C6E075ED3264}"
EndProject
Project("{FAE04EC0-301F-11D3-BF4B-00C04F79EFBC}") = "DKZKV.Swagger", "DKZKV.Swagger\DKZKV.Swagger.csproj", "{BFB282BA-5420-4515-A996-03521D2B9E19}"
EndProject
Project("{2150E333-8FDC-42A3-9474-1A3956D46DE8}") = "Api", "Api", "{7D828125-652D-44F8-BCE5-EED14C1F5B48}"
EndProject
Project("{2150E333-8FDC-42A3-9474-1A3956D46DE8}") = "Application", "Application", "{AE41D3D9-DE74-4311-A2A9-AE69075B56E3}"
EndProject
Project("{2150E333-8FDC-42A3-9474-1A3956D46DE8}") = "Domain", "Domain", "{06B0B649-0EE8-4812-83E3-099A2FD24A66}"
EndProject
Project("{2150E333-8FDC-42A3-9474-1A3956D46DE8}") = "Infrastructure", "Infrastructure", "{7B49BDF1-D0DE-4BFF-BC3B-362ED3A28436}"
EndProject
Project("{FAE04EC0-301F-11D3-BF4B-00C04F79EFBC}") = "DKZKV.BookStore.Application.Queries", "DKZKV.BookStore.Application.Queries\DKZKV.BookStore.Application.Queries.csproj", "{07F4CE08-4E4F-4B37-8C20-9BDA031578EF}"
EndProject
Project("{FAE04EC0-301F-11D3-BF4B-00C04F79EFBC}") = "DKZKV.Paging", "DKZKV.Paging\DKZKV.Paging.csproj", "{AEE9DE6E-B8C1-4FF2-AE75-816BAEBC1F0B}"
EndProject
Project("{2150E333-8FDC-42A3-9474-1A3956D46DE8}") = "Tests", "Tests", "{B4009A8C-2C84-430D-B84B-14B00FB3958C}"
EndProject
Project("{FAE04EC0-301F-11D3-BF4B-00C04F79EFBC}") = "DKZKV.BookStore.ComponentTests", "DKZKV.BookStore.ComponentTests\DKZKV.BookStore.ComponentTests.csproj", "{58E5834E-587C-4341-A964-893D82511473}"
EndProject
Project("{2150E333-8FDC-42A3-9474-1A3956D46DE8}") = "Component", "Component", "{3DB75BB5-9AB3-469F-B6F6-F6262CEC33D1}"
EndProject
Global
	GlobalSection(SolutionConfigurationPlatforms) = preSolution
		Debug|Any CPU = Debug|Any CPU
		Release|Any CPU = Release|Any CPU
	EndGlobalSection
	GlobalSection(ProjectConfigurationPlatforms) = postSolution
		{C3ECF443-E9FC-43B7-BD96-39D98A72C060}.Debug|Any CPU.ActiveCfg = Debug|Any CPU
		{C3ECF443-E9FC-43B7-BD96-39D98A72C060}.Debug|Any CPU.Build.0 = Debug|Any CPU
		{C3ECF443-E9FC-43B7-BD96-39D98A72C060}.Release|Any CPU.ActiveCfg = Release|Any CPU
		{C3ECF443-E9FC-43B7-BD96-39D98A72C060}.Release|Any CPU.Build.0 = Release|Any CPU
		{A74D84FA-B54C-400F-B6A1-8BE097C3D4B5}.Debug|Any CPU.ActiveCfg = Debug|Any CPU
		{A74D84FA-B54C-400F-B6A1-8BE097C3D4B5}.Debug|Any CPU.Build.0 = Debug|Any CPU
		{A74D84FA-B54C-400F-B6A1-8BE097C3D4B5}.Release|Any CPU.ActiveCfg = Release|Any CPU
		{A74D84FA-B54C-400F-B6A1-8BE097C3D4B5}.Release|Any CPU.Build.0 = Release|Any CPU
		{658CA8A4-4471-41DE-B33A-7F51D0FC1C88}.Debug|Any CPU.ActiveCfg = Debug|Any CPU
		{658CA8A4-4471-41DE-B33A-7F51D0FC1C88}.Debug|Any CPU.Build.0 = Debug|Any CPU
		{658CA8A4-4471-41DE-B33A-7F51D0FC1C88}.Release|Any CPU.ActiveCfg = Release|Any CPU
		{658CA8A4-4471-41DE-B33A-7F51D0FC1C88}.Release|Any CPU.Build.0 = Release|Any CPU
		{D9F4DD60-6795-4BEB-8F40-5BB428F4EFAA}.Debug|Any CPU.ActiveCfg = Debug|Any CPU
		{D9F4DD60-6795-4BEB-8F40-5BB428F4EFAA}.Debug|Any CPU.Build.0 = Debug|Any CPU
		{D9F4DD60-6795-4BEB-8F40-5BB428F4EFAA}.Release|Any CPU.ActiveCfg = Release|Any CPU
		{D9F4DD60-6795-4BEB-8F40-5BB428F4EFAA}.Release|Any CPU.Build.0 = Release|Any CPU
		{E5D7913B-6537-46F8-8DD5-34F0359CDA30}.Debug|Any CPU.ActiveCfg = Debug|Any CPU
		{E5D7913B-6537-46F8-8DD5-34F0359CDA30}.Debug|Any CPU.Build.0 = Debug|Any CPU
		{E5D7913B-6537-46F8-8DD5-34F0359CDA30}.Release|Any CPU.ActiveCfg = Release|Any CPU
		{E5D7913B-6537-46F8-8DD5-34F0359CDA30}.Release|Any CPU.Build.0 = Release|Any CPU
		{2E372FEB-1721-4099-AFE7-C6E075ED3264}.Debug|Any CPU.ActiveCfg = Debug|Any CPU
		{2E372FEB-1721-4099-AFE7-C6E075ED3264}.Debug|Any CPU.Build.0 = Debug|Any CPU
		{2E372FEB-1721-4099-AFE7-C6E075ED3264}.Release|Any CPU.ActiveCfg = Release|Any CPU
		{2E372FEB-1721-4099-AFE7-C6E075ED3264}.Release|Any CPU.Build.0 = Release|Any CPU
		{BFB282BA-5420-4515-A996-03521D2B9E19}.Debug|Any CPU.ActiveCfg = Debug|Any CPU
		{BFB282BA-5420-4515-A996-03521D2B9E19}.Debug|Any CPU.Build.0 = Debug|Any CPU
		{BFB282BA-5420-4515-A996-03521D2B9E19}.Release|Any CPU.ActiveCfg = Release|Any CPU
		{BFB282BA-5420-4515-A996-03521D2B9E19}.Release|Any CPU.Build.0 = Release|Any CPU
		{07F4CE08-4E4F-4B37-8C20-9BDA031578EF}.Debug|Any CPU.ActiveCfg = Debug|Any CPU
		{07F4CE08-4E4F-4B37-8C20-9BDA031578EF}.Debug|Any CPU.Build.0 = Debug|Any CPU
		{07F4CE08-4E4F-4B37-8C20-9BDA031578EF}.Release|Any CPU.ActiveCfg = Release|Any CPU
		{07F4CE08-4E4F-4B37-8C20-9BDA031578EF}.Release|Any CPU.Build.0 = Release|Any CPU
		{AEE9DE6E-B8C1-4FF2-AE75-816BAEBC1F0B}.Debug|Any CPU.ActiveCfg = Debug|Any CPU
		{AEE9DE6E-B8C1-4FF2-AE75-816BAEBC1F0B}.Debug|Any CPU.Build.0 = Debug|Any CPU
		{AEE9DE6E-B8C1-4FF2-AE75-816BAEBC1F0B}.Release|Any CPU.ActiveCfg = Release|Any CPU
		{AEE9DE6E-B8C1-4FF2-AE75-816BAEBC1F0B}.Release|Any CPU.Build.0 = Release|Any CPU
		{58E5834E-587C-4341-A964-893D82511473}.Debug|Any CPU.ActiveCfg = Debug|Any CPU
		{58E5834E-587C-4341-A964-893D82511473}.Debug|Any CPU.Build.0 = Debug|Any CPU
		{58E5834E-587C-4341-A964-893D82511473}.Release|Any CPU.ActiveCfg = Release|Any CPU
		{58E5834E-587C-4341-A964-893D82511473}.Release|Any CPU.Build.0 = Release|Any CPU
	EndGlobalSection
	GlobalSection(NestedProjects) = preSolution
		{658CA8A4-4471-41DE-B33A-7F51D0FC1C88} = {E1F6A169-CA83-48AA-9C42-9E1C342C2C92}
		{E5D7913B-6537-46F8-8DD5-34F0359CDA30} = {E1F6A169-CA83-48AA-9C42-9E1C342C2C92}
		{BFB282BA-5420-4515-A996-03521D2B9E19} = {E1F6A169-CA83-48AA-9C42-9E1C342C2C92}
		{D9F4DD60-6795-4BEB-8F40-5BB428F4EFAA} = {7D828125-652D-44F8-BCE5-EED14C1F5B48}
		{2E372FEB-1721-4099-AFE7-C6E075ED3264} = {AE41D3D9-DE74-4311-A2A9-AE69075B56E3}
		{C3ECF443-E9FC-43B7-BD96-39D98A72C060} = {06B0B649-0EE8-4812-83E3-099A2FD24A66}
		{A74D84FA-B54C-400F-B6A1-8BE097C3D4B5} = {7B49BDF1-D0DE-4BFF-BC3B-362ED3A28436}
		{07F4CE08-4E4F-4B37-8C20-9BDA031578EF} = {AE41D3D9-DE74-4311-A2A9-AE69075B56E3}
		{AEE9DE6E-B8C1-4FF2-AE75-816BAEBC1F0B} = {E1F6A169-CA83-48AA-9C42-9E1C342C2C92}
		{3DB75BB5-9AB3-469F-B6F6-F6262CEC33D1} = {B4009A8C-2C84-430D-B84B-14B00FB3958C}
		{58E5834E-587C-4341-A964-893D82511473} = {3DB75BB5-9AB3-469F-B6F6-F6262CEC33D1}
	EndGlobalSection
EndGlobal
